
Microsoft Visual Studio Solution File, Format Version 12.00
Project("{FAE04EC0-301F-11D3-BF4B-00C04F79EFBC}") = "ServerSocketChatExample", "ServerSocketChatExample.csproj", "{8331766F-056D-415D-9642-D247FBBB6015}"
EndProject
Project("{2150E333-8FDC-42A3-9474-1A3956D46DE8}") = "Client", "Client", "{D4E601B9-9A72-4E06-BEA3-87D3710BBB2A}"
EndProject
Global
	GlobalSection(SolutionConfigurationPlatforms) = preSolution
		Debug|Any CPU = Debug|Any CPU
		Release|Any CPU = Release|Any CPU
	EndGlobalSection
	GlobalSection(ProjectConfigurationPlatforms) = postSolution
		{8331766F-056D-415D-9642-D247FBBB6015}.Debug|Any CPU.ActiveCfg = Debug|Any CPU
		{8331766F-056D-415D-9642-D247FBBB6015}.Debug|Any CPU.Build.0 = Debug|Any CPU
		{8331766F-056D-415D-9642-D247FBBB6015}.Release|Any CPU.ActiveCfg = Release|Any CPU
		{8331766F-056D-415D-9642-D247FBBB6015}.Release|Any CPU.Build.0 = Release|Any CPU
	EndGlobalSection
	GlobalSection(NestedProjects) = preSolution
		{8331766F-056D-415D-9642-D247FBBB6015} = {D4E601B9-9A72-4E06-BEA3-87D3710BBB2A}
	EndGlobalSection
EndGlobal
